{
  "name": "howtogrow-admin-web",
  "version": "0.1.0",
  "lockfileVersion": 3,
  "requires": true,
  "packages": {
    "": {
      "name": "howtogrow-admin-web",
      "version": "0.1.0",
      "dependencies": {
        "@vueup/vue-quill": "^1.2.0",
        "axios": "^1.7.9",
        "element-plus": "^2.3.14",
        "pinia": "^2.0.36",
        "vue": "^3.2.47",
        "vue-router": "^4.1.6"
      },
      "devDependencies": {
        "@types/node": "^14.18.63",
        "@vitejs/plugin-vue": "^2.3.4",
        "typescript": "^4.9.5",
        "vite": "^2.9.18"
      }
    },
    "node_modules/@babel/helper-string-parser": {
      "version": "7.27.1",
      "license": "MIT",
      "engines": {
        "node": ">=6.9.0"
      }
    },
    "node_modules/@babel/helper-validator-identifier": {
      "version": "7.28.5",
      "license": "MIT",
      "engines": {
        "node": ">=6.9.0"
      }
    },
    "node_modules/@babel/parser": {
      "version": "7.28.6",
      "license": "MIT",
      "dependencies": {
        "@babel/types": "^7.28.6"
      },
      "bin": {
        "parser": "bin/babel-parser.js"
      },
      "engines": {
        "node": ">=6.0.0"
      }
    },
    "node_modules/@babel/types": {
      "version": "7.28.6",
      "license": "MIT",
      "dependencies": {
        "@babel/helper-string-parser": "^7.27.1",
        "@babel/helper-validator-identifier": "^7.28.5"
      },
      "engines": {
        "node": ">=6.9.0"
      }
    },
    "node_modules/@ctrl/tinycolor": {
      "version": "3.6.1",
      "license": "MIT",
      "engines": {
        "node": ">=10"
      }
    },
    "node_modules/@element-plus/icons-vue": {
      "version": "2.3.2",
      "license": "MIT",
      "peerDependencies": {
        "vue": "^3.2.0"
      }
    },
    "node_modules/@floating-ui/core": {
      "version": "1.7.3",
      "license": "MIT",
      "dependencies": {
        "@floating-ui/utils": "^0.2.10"
      }
    },
    "node_modules/@floating-ui/dom": {
      "version": "1.7.4",
      "license": "MIT",
      "dependencies": {
        "@floating-ui/core": "^1.7.3",
        "@floating-ui/utils": "^0.2.10"
      }
    },
    "node_modules/@floating-ui/utils": {
      "version": "0.2.10",
      "license": "MIT"
    },
    "node_modules/@jridgewell/sourcemap-codec": {
      "version": "1.5.5",
      "license": "MIT"
    },
    "node_modules/@popperjs/core": {
      "name": "@sxzz/popperjs-es",
      "version": "2.11.7",
      "license": "MIT",
      "funding": {
        "type": "opencollective",
        "url": "https://opencollective.com/popperjs"
      }
    },
    "node_modules/@types/lodash": {
      "version": "4.17.23",
      "license": "MIT"
    },
    "node_modules/@types/lodash-es": {
      "version": "4.17.12",
      "license": "MIT",
      "dependencies": {
        "@types/lodash": "*"
      }
    },
    "node_modules/@types/node": {
      "version": "14.18.63",
      "dev": true,
      "license": "MIT"
    },
    "node_modules/@types/web-bluetooth": {
      "version": "0.0.20",
      "license": "MIT"
    },
    "node_modules/@vitejs/plugin-vue": {
      "version": "2.3.4",
      "dev": true,
      "license": "MIT",
      "engines": {
        "node": ">=12.0.0"
      },
      "peerDependencies": {
        "vite": "^2.5.10",
        "vue": "^3.2.25"
      }
    },
    "node_modules/@vue/compiler-core": {
      "version": "3.5.26",
      "license": "MIT",
      "dependencies": {
        "@babel/parser": "^7.28.5",
        "@vue/shared": "3.5.26",
        "entities": "^7.0.0",
        "estree-walker": "^2.0.2",
        "source-map-js": "^1.2.1"
      }
    },
    "node_modules/@vue/compiler-dom": {
      "version": "3.5.26",
      "license": "MIT",
      "dependencies": {
        "@vue/compiler-core": "3.5.26",
        "@vue/shared": "3.5.26"
      }
    },
    "node_modules/@vue/compiler-sfc": {
      "version": "3.5.26",
      "license": "MIT",
      "dependencies": {
        "@babel/parser": "^7.28.5",
        "@vue/compiler-core": "3.5.26",
        "@vue/compiler-dom": "3.5.26",
        "@vue/compiler-ssr": "3.5.26",
        "@vue/shared": "3.5.26",
        "estree-walker": "^2.0.2",
        "magic-string": "^0.30.21",
        "postcss": "^8.5.6",
        "source-map-js": "^1.2.1"
      }
    },
    "node_modules/@vue/compiler-ssr": {
      "version": "3.5.26",
      "license": "MIT",
      "dependencies": {
        "@vue/compiler-dom": "3.5.26",
        "@vue/shared": "3.5.26"
      }
    },
    "node_modules/@vue/devtools-api": {
      "version": "6.6.4",
      "license": "MIT"
    },
    "node_modules/@vue/reactivity": {
      "version": "3.5.26",
      "license": "MIT",
      "dependencies": {
        "@vue/shared": "3.5.26"
      }
    },
    "node_modules/@vue/runtime-core": {
      "version": "3.5.26",
      "license": "MIT",
      "dependencies": {
        "@vue/reactivity": "3.5.26",
        "@vue/shared": "3.5.26"
      }
    },
    "node_modules/@vue/runtime-dom": {
      "version": "3.5.26",
      "license": "MIT",
      "dependencies": {
        "@vue/reactivity": "3.5.26",
        "@vue/runtime-core": "3.5.26",
        "@vue/shared": "3.5.26",
        "csstype": "^3.2.3"
      }
    },
    "node_modules/@vue/server-renderer": {
      "version": "3.5.26",
      "license": "MIT",
      "dependencies": {
        "@vue/compiler-ssr": "3.5.26",
        "@vue/shared": "3.5.26"
      },
      "peerDependencies": {
        "vue": "3.5.26"
      }
    },
    "node_modules/@vue/shared": {
      "version": "3.5.26",
      "license": "MIT"
    },
    "node_modules/@vueup/vue-quill": {
      "version": "1.2.0",
      "license": "MIT",
      "dependencies": {
        "quill": "^1.3.7",
        "quill-delta": "^4.2.2"
      },
      "peerDependencies": {
        "vue": "^3.2.41"
      }
    },
    "node_modules/@vueuse/core": {
      "version": "10.11.1",
      "license": "MIT",
      "dependencies": {
        "@types/web-bluetooth": "^0.0.20",
        "@vueuse/metadata": "10.11.1",
        "@vueuse/shared": "10.11.1",
        "vue-demi": ">=0.14.8"
      },
      "funding": {
        "url": "https://github.com/sponsors/antfu"
      }
    },
    "node_modules/@vueuse/metadata": {
      "version": "10.11.1",
      "license": "MIT",
      "funding": {
        "url": "https://github.com/sponsors/antfu"
      }
    },
    "node_modules/@vueuse/shared": {
      "version": "10.11.1",
      "license": "MIT",
      "dependencies": {
        "vue-demi": ">=0.14.8"
      },
      "funding": {
        "url": "https://github.com/sponsors/antfu"
      }
    },
    "node_modules/async-validator": {
      "version": "4.2.5",
      "license": "MIT"
    },
    "node_modules/asynckit": {
      "version": "0.4.0",
      "license": "MIT"
    },
    "node_modules/axios": {
      "version": "1.13.2",
      "license": "MIT",
      "dependencies": {
        "follow-redirects": "^1.15.6",
        "form-data": "^4.0.4",
        "proxy-from-env": "^1.1.0"
      }
    },
    "node_modules/call-bind": {
      "version": "1.0.8",
      "license": "MIT",
      "dependencies": {
        "call-bind-apply-helpers": "^1.0.0",
        "es-define-property": "^1.0.0",
        "get-intrinsic": "^1.2.4",
        "set-function-length": "^1.2.2"
      },
      "engines": {
        "node": ">= 0.4"
      },
      "funding": {
        "url": "https://github.com/sponsors/ljharb"
      }
    },
    "node_modules/call-bind-apply-helpers": {
      "version": "1.0.2",
      "license": "MIT",
      "dependencies": {
        "es-errors": "^1.3.0",
        "function-bind": "^1.1.2"
      },
      "engines": {
        "node": ">= 0.4"
      }
    },
    "node_modules/call-bound": {
      "version": "1.0.4",
      "license": "MIT",
      "dependencies": {
        "call-bind-apply-helpers": "^1.0.2",
        "get-intrinsic": "^1.3.0"
      },
      "engines": {
        "node": ">= 0.4"
      },
      "funding": {
        "url": "https://github.com/sponsors/ljharb"
      }
    },
    "node_modules/clone": {
      "version": "2.1.2",
      "license": "MIT",
      "engines": {
        "node": ">=0.8"
      }
    },
    "node_modules/combined-stream": {
      "version": "1.0.8",
      "license": "MIT",
      "dependencies": {
        "delayed-stream": "~1.0.0"
      },
      "engines": {
        "node": ">= 0.8"
      }
    },
    "node_modules/csstype": {
      "version": "3.2.3",
      "license": "MIT"
    },
    "node_modules/dayjs": {
      "version": "1.11.19",
      "license": "MIT"
    },
    "node_modules/deep-equal": {
      "version": "1.1.2",
      "license": "MIT",
      "dependencies": {
        "is-arguments": "^1.1.1",
        "is-date-object": "^1.0.5",
        "is-regex": "^1.1.4",
        "object-is": "^1.1.5",
        "object-keys": "^1.1.1",
        "regexp.prototype.flags": "^1.5.1"
      },
      "engines": {
        "node": ">= 0.4"
      },
      "funding": {
        "url": "https://github.com/sponsors/ljharb"
      }
    },
    "node_modules/define-data-property": {
      "version": "1.1.4",
      "license": "MIT",
      "dependencies": {
        "es-define-property": "^1.0.0",
        "es-errors": "^1.3.0",
        "gopd": "^1.0.1"
      },
      "engines": {
        "node": ">= 0.4"
      },
      "funding": {
        "url": "https://github.com/sponsors/ljharb"
      }
    },
    "node_modules/define-properties": {
      "version": "1.2.1",
      "license": "MIT",
      "dependencies": {
        "define-data-property": "^1.0.1",
        "has-property-descriptors": "^1.0.0",
        "object-keys": "^1.1.1"
      },
      "engines": {
        "node": ">= 0.4"
      },
      "funding": {
        "url": "https://github.com/sponsors/ljharb"
      }
    },
    "node_modules/delayed-stream": {
      "version": "1.0.0",
      "license": "MIT",
      "engines": {
        "node": ">=0.4.0"
      }
    },
    "node_modules/dunder-proto": {
      "version": "1.0.1",
      "license": "MIT",
      "dependencies": {
        "call-bind-apply-helpers": "^1.0.1",
        "es-errors": "^1.3.0",
        "gopd": "^1.2.0"
      },
      "engines": {
        "node": ">= 0.4"
      }
    },
    "node_modules/element-plus": {
      "version": "2.13.1",
      "license": "MIT",
      "dependencies": {
        "@ctrl/tinycolor": "^3.4.1",
        "@element-plus/icons-vue": "^2.3.2",
        "@floating-ui/dom": "^1.0.1",
        "@popperjs/core": "npm:@sxzz/popperjs-es@^2.11.7",
        "@types/lodash": "^4.17.20",
        "@types/lodash-es": "^4.17.12",
        "@vueuse/core": "^10.11.0",
        "async-validator": "^4.2.5",
        "dayjs": "^1.11.19",
        "lodash": "^4.17.21",
        "lodash-es": "^4.17.21",
        "lodash-unified": "^1.0.3",
        "memoize-one": "^6.0.0",
        "normalize-wheel-es": "^1.2.0"
      },
      "peerDependencies": {
        "vue": "^3.3.0"
      }
    },
    "node_modules/entities": {
      "version": "7.0.0",
      "license": "BSD-2-Clause",
      "engines": {
        "node": ">=0.12"
      },
      "funding": {
        "url": "https://github.com/fb55/entities?sponsor=1"
      }
    },
    "node_modules/es-define-property": {
      "version": "1.0.1",
      "license": "MIT",
      "engines": {
        "node": ">= 0.4"
      }
    },
    "node_modules/es-errors": {
      "version": "1.3.0",
      "license": "MIT",
      "engines": {
        "node": ">= 0.4"
      }
    },
    "node_modules/es-object-atoms": {
      "version": "1.1.1",
      "license": "MIT",
      "dependencies": {
        "es-errors": "^1.3.0"
      },
      "engines": {
        "node": ">= 0.4"
      }
    },
    "node_modules/es-set-tostringtag": {
      "version": "2.1.0",
      "license": "MIT",
      "dependencies": {
        "es-errors": "^1.3.0",
        "get-intrinsic": "^1.2.6",
        "has-tostringtag": "^1.0.2",
        "hasown": "^2.0.2"
      },
      "engines": {
        "node": ">= 0.4"
      }
    },
    "node_modules/esbuild": {
      "version": "0.14.54",
      "dev": true,
      "hasInstallScript": true,
      "license": "MIT",
      "bin": {
        "esbuild": "bin/esbuild"
      },
      "engines": {
        "node": ">=12"
      },
      "optionalDependencies": {
        "@esbuild/linux-loong64": "0.14.54",
        "esbuild-android-64": "0.14.54",
        "esbuild-android-arm64": "0.14.54",
        "esbuild-darwin-64": "0.14.54",
        "esbuild-darwin-arm64": "0.14.54",
        "esbuild-freebsd-64": "0.14.54",
        "esbuild-freebsd-arm64": "0.14.54",
        "esbuild-linux-32": "0.14.54",
        "esbuild-linux-64": "0.14.54",
        "esbuild-linux-arm": "0.14.54",
        "esbuild-linux-arm64": "0.14.54",
        "esbuild-linux-mips64le": "0.14.54",
        "esbuild-linux-ppc64le": "0.14.54",
        "esbuild-linux-riscv64": "0.14.54",
        "esbuild-linux-s390x": "0.14.54",
        "esbuild-netbsd-64": "0.14.54",
        "esbuild-openbsd-64": "0.14.54",
        "esbuild-sunos-64": "0.14.54",
        "esbuild-windows-32": "0.14.54",
        "esbuild-windows-64": "0.14.54",
        "esbuild-windows-arm64": "0.14.54"
      }
    },
    "node_modules/esbuild-darwin-64": {
      "version": "0.14.54",
      "cpu": [
        "x64"
      ],
      "dev": true,
      "license": "MIT",
      "optional": true,
      "os": [
        "darwin"
      ],
      "engines": {
        "node": ">=12"
      }
    },
    "node_modules/estree-walker": {
      "version": "2.0.2",
      "license": "MIT"
    },
    "node_modules/eventemitter3": {
      "version": "2.0.3",
      "license": "MIT"
    },
    "node_modules/extend": {
      "version": "3.0.2",
      "license": "MIT"
    },
    "node_modules/fast-diff": {
      "version": "1.1.2",
      "license": "Apache-2.0"
    },
    "node_modules/follow-redirects": {
      "version": "1.15.11",
      "funding": [
        {
          "type": "individual",
          "url": "https://github.com/sponsors/RubenVerborgh"
        }
      ],
      "license": "MIT",
      "engines": {
        "node": ">=4.0"
      },
      "peerDependenciesMeta": {
        "debug": {
          "optional": true
        }
      }
    },
    "node_modules/form-data": {
      "version": "4.0.5",
      "license": "MIT",
      "dependencies": {
        "asynckit": "^0.4.0",
        "combined-stream": "^1.0.8",
        "es-set-tostringtag": "^2.1.0",
        "hasown": "^2.0.2",
        "mime-types": "^2.1.12"
      },
      "engines": {
        "node": ">= 6"
      }
    },
    "node_modules/fsevents": {
      "version": "2.3.3",
      "dev": true,
      "license": "MIT",
      "optional": true,
      "os": [
        "darwin"
      ],
      "engines": {
        "node": "^8.16.0 || ^10.6.0 || >=11.0.0"
      }
    },
    "node_modules/function-bind": {
      "version": "1.1.2",
      "license": "MIT",
      "funding": {
        "url": "https://github.com/sponsors/ljharb"
      }
    },
    "node_modules/functions-have-names": {
      "version": "1.2.3",
      "license": "MIT",
      "funding": {
        "url": "https://github.com/sponsors/ljharb"
      }
    },
    "node_modules/get-intrinsic": {
      "version": "1.3.0",
      "license": "MIT",
      "dependencies": {
        "call-bind-apply-helpers": "^1.0.2",
        "es-define-property": "^1.0.1",
        "es-errors": "^1.3.0",
        "es-object-atoms": "^1.1.1",
        "function-bind": "^1.1.2",
        "get-proto": "^1.0.1",
        "gopd": "^1.2.0",
        "has-symbols": "^1.1.0",
        "hasown": "^2.0.2",
        "math-intrinsics": "^1.1.0"
      },
      "engines": {
        "node": ">= 0.4"
      },
      "funding": {
        "url": "https://github.com/sponsors/ljharb"
      }
    },
    "node_modules/get-proto": {
      "version": "1.0.1",
      "license": "MIT",
      "dependencies": {
        "dunder-proto": "^1.0.1",
        "es-object-atoms": "^1.0.0"
      },
      "engines": {
        "node": ">= 0.4"
      }
    },
    "node_modules/gopd": {
      "version": "1.2.0",
      "license": "MIT",
      "engines": {
        "node": ">= 0.4"
      },
      "funding": {
        "url": "https://github.com/sponsors/ljharb"
      }
    },
    "node_modules/has-property-descriptors": {
      "version": "1.0.2",
      "license": "MIT",
      "dependencies": {
        "es-define-property": "^1.0.0"
      },
      "funding": {
        "url": "https://github.com/sponsors/ljharb"
      }
    },
    "node_modules/has-symbols": {
      "version": "1.1.0",
      "license": "MIT",
      "engines": {
        "node": ">= 0.4"
      },
      "funding": {
        "url": "https://github.com/sponsors/ljharb"
      }
    },
    "node_modules/has-tostringtag": {
      "version": "1.0.2",
      "license": "MIT",
      "dependencies": {
        "has-symbols": "^1.0.3"
      },
      "engines": {
        "node": ">= 0.4"
      },
      "funding": {
        "url": "https://github.com/sponsors/ljharb"
      }
    },
    "node_modules/hasown": {
      "version": "2.0.2",
      "license": "MIT",
      "dependencies": {
        "function-bind": "^1.1.2"
      },
      "engines": {
        "node": ">= 0.4"
      }
    },
    "node_modules/is-arguments": {
      "version": "1.2.0",
      "license": "MIT",
      "dependencies": {
        "call-bound": "^1.0.2",
        "has-tostringtag": "^1.0.2"
      },
      "engines": {
        "node": ">= 0.4"
      },
      "funding": {
        "url": "https://github.com/sponsors/ljharb"
      }
    },
    "node_modules/is-core-module": {
      "version": "2.16.1",
      "dev": true,
      "license": "MIT",
      "dependencies": {
        "hasown": "^2.0.2"
      },
      "engines": {
        "node": ">= 0.4"
      },
      "funding": {
        "url": "https://github.com/sponsors/ljharb"
      }
    },
    "node_modules/is-date-object": {
      "version": "1.1.0",
      "license": "MIT",
      "dependencies": {
        "call-bound": "^1.0.2",
        "has-tostringtag": "^1.0.2"
      },
      "engines": {
        "node": ">= 0.4"
      },
      "funding": {
        "url": "https://github.com/sponsors/ljharb"
      }
    },
    "node_modules/is-regex": {
      "version": "1.2.1",
      "license": "MIT",
      "dependencies": {
        "call-bound": "^1.0.2",
        "gopd": "^1.2.0",
        "has-tostringtag": "^1.0.2",
        "hasown": "^2.0.2"
      },
      "engines": {
        "node": ">= 0.4"
      },
      "funding": {
        "url": "https://github.com/sponsors/ljharb"
      }
    },
    "node_modules/lodash": {
      "version": "4.17.21",
      "license": "MIT"
    },
    "node_modules/lodash-es": {
      "version": "4.17.22",
      "license": "MIT"
    },
    "node_modules/lodash-unified": {
      "version": "1.0.3",
      "license": "MIT",
      "peerDependencies": {
        "@types/lodash-es": "*",
        "lodash": "*",
        "lodash-es": "*"
      }
    },
    "node_modules/lodash.clonedeep": {
      "version": "4.5.0",
      "license": "MIT"
    },
    "node_modules/lodash.isequal": {
      "version": "4.5.0",
      "deprecated": "This package is deprecated. Use require('node:util').isDeepStrictEqual instead.",
      "license": "MIT"
    },
    "node_modules/magic-string": {
      "version": "0.30.21",
      "license": "MIT",
      "dependencies": {
        "@jridgewell/sourcemap-codec": "^1.5.5"
      }
    },
    "node_modules/math-intrinsics": {
      "version": "1.1.0",
      "license": "MIT",
      "engines": {
        "node": ">= 0.4"
      }
    },
    "node_modules/memoize-one": {
      "version": "6.0.0",
      "license": "MIT"
    },
    "node_modules/mime-db": {
      "version": "1.52.0",
      "license": "MIT",
      "engines": {
        "node": ">= 0.6"
      }
    },
    "node_modules/mime-types": {
      "version": "2.1.35",
      "license": "MIT",
      "dependencies": {
        "mime-db": "1.52.0"
      },
      "engines": {
        "node": ">= 0.6"
      }
    },
    "node_modules/nanoid": {
      "version": "3.3.11",
      "funding": [
        {
          "type": "github",
          "url": "https://github.com/sponsors/ai"
        }
      ],
      "license": "MIT",
      "bin": {
        "nanoid": "bin/nanoid.cjs"
      },
      "engines": {
        "node": "^10 || ^12 || ^13.7 || ^14 || >=15.0.1"
      }
    },
    "node_modules/normalize-wheel-es": {
      "version": "1.2.0",
      "license": "BSD-3-Clause"
    },
    "node_modules/object-is": {
      "version": "1.1.6",
      "license": "MIT",
      "dependencies": {
        "call-bind": "^1.0.7",
        "define-properties": "^1.2.1"
      },
      "engines": {
        "node": ">= 0.4"
      },
      "funding": {
        "url": "https://github.com/sponsors/ljharb"
      }
    },
    "node_modules/object-keys": {
      "version": "1.1.1",
      "license": "MIT",
      "engines": {
        "node": ">= 0.4"
      }
    },
    "node_modules/parchment": {
      "version": "1.1.4",
      "license": "BSD-3-Clause"
    },
    "node_modules/path-parse": {
      "version": "1.0.7",
      "dev": true,
      "license": "MIT"
    },
    "node_modules/picocolors": {
      "version": "1.1.1",
      "license": "ISC"
    },
    "node_modules/pinia": {
      "version": "2.3.1",
      "license": "MIT",
      "dependencies": {
        "@vue/devtools-api": "^6.6.3",
        "vue-demi": "^0.14.10"
      },
      "funding": {
        "url": "https://github.com/sponsors/posva"
      },
      "peerDependencies": {
        "typescript": ">=4.4.4",
        "vue": "^2.7.0 || ^3.5.11"
      },
      "peerDependenciesMeta": {
        "typescript": {
          "optional": true
        }
      }
    },
    "node_modules/postcss": {
      "version": "8.5.6",
      "funding": [
        {
          "type": "opencollective",
          "url": "https://opencollective.com/postcss/"
        },
        {
          "type": "tidelift",
          "url": "https://tidelift.com/funding/github/npm/postcss"
        },
        {
          "type": "github",
          "url": "https://github.com/sponsors/ai"
        }
      ],
      "license": "MIT",
      "dependencies": {
        "nanoid": "^3.3.11",
        "picocolors": "^1.1.1",
        "source-map-js": "^1.2.1"
      },
      "engines": {
        "node": "^10 || ^12 || >=14"
      }
    },
    "node_modules/proxy-from-env": {
      "version": "1.1.0",
      "license": "MIT"
    },
    "node_modules/quill": {
      "version": "1.3.7",
      "license": "BSD-3-Clause",
      "dependencies": {
        "clone": "^2.1.1",
        "deep-equal": "^1.0.1",
        "eventemitter3": "^2.0.3",
        "extend": "^3.0.2",
        "parchment": "^1.1.4",
        "quill-delta": "^3.6.2"
      }
    },
    "node_modules/quill-delta": {
      "version": "4.2.2",
      "license": "MIT",
      "dependencies": {
        "fast-diff": "1.2.0",
        "lodash.clonedeep": "^4.5.0",
        "lodash.isequal": "^4.5.0"
      }
    },
    "node_modules/quill-delta/node_modules/fast-diff": {
      "version": "1.2.0",
      "license": "Apache-2.0"
    },
    "node_modules/quill/node_modules/quill-delta": {
      "version": "3.6.3",
      "license": "MIT",
      "dependencies": {
        "deep-equal": "^1.0.1",
        "extend": "^3.0.2",
        "fast-diff": "1.1.2"
      },
      "engines": {
        "node": ">=0.10"
      }
    },
    "node_modules/regexp.prototype.flags": {
      "version": "1.5.4",
      "license": "MIT",
      "dependencies": {
        "call-bind": "^1.0.8",
        "define-properties": "^1.2.1",
        "es-errors": "^1.3.0",
        "get-proto": "^1.0.1",
        "gopd": "^1.2.0",
        "set-function-name": "^2.0.2"
      },
      "engines": {
        "node": ">= 0.4"
      },
      "funding": {
        "url": "https://github.com/sponsors/ljharb"
      }
    },
    "node_modules/resolve": {
      "version": "1.22.11",
      "dev": true,
      "license": "MIT",
      "dependencies": {
        "is-core-module": "^2.16.1",
        "path-parse": "^1.0.7",
        "supports-preserve-symlinks-flag": "^1.0.0"
      },
      "bin": {
        "resolve": "bin/resolve"
      },
      "engines": {
        "node": ">= 0.4"
      },
      "funding": {
        "url": "https://github.com/sponsors/ljharb"
      }
    },
    "node_modules/rollup": {
      "version": "2.77.3",
      "dev": true,
      "license": "MIT",
      "bin": {
        "rollup": "dist/bin/rollup"
      },
      "engines": {
        "node": ">=10.0.0"
      },
      "optionalDependencies": {
        "fsevents": "~2.3.2"
      }
    },
    "node_modules/set-function-length": {
      "version": "1.2.2",
      "license": "MIT",
      "dependencies": {
        "define-data-property": "^1.1.4",
        "es-errors": "^1.3.0",
        "function-bind": "^1.1.2",
        "get-intrinsic": "^1.2.4",
        "gopd": "^1.0.1",
        "has-property-descriptors": "^1.0.2"
      },
      "engines": {
        "node": ">= 0.4"
      }
    },
    "node_modules/set-function-name": {
      "version": "2.0.2",
      "license": "MIT",
      "dependencies": {
        "define-data-property": "^1.1.4",
        "es-errors": "^1.3.0",
        "functions-have-names": "^1.2.3",
        "has-property-descriptors": "^1.0.2"
      },
      "engines": {
        "node": ">= 0.4"
      }
    },
    "node_modules/source-map-js": {
      "version": "1.2.1",
      "license": "BSD-3-Clause",
      "engines": {
        "node": ">=0.10.0"
      }
    },
    "node_modules/supports-preserve-symlinks-flag": {
      "version": "1.0.0",
      "dev": true,
      "license": "MIT",
      "engines": {
        "node": ">= 0.4"
      },
      "funding": {
        "url": "https://github.com/sponsors/ljharb"
      }
    },
    "node_modules/typescript": {
      "version": "4.9.5",
      "devOptional": true,
      "license": "Apache-2.0",
      "bin": {
        "tsc": "bin/tsc",
        "tsserver": "bin/tsserver"
      },
      "engines": {
        "node": ">=4.2.0"
      }
    },
    "node_modules/vite": {
      "version": "2.9.18",
      "dev": true,
      "license": "MIT",
      "dependencies": {
        "esbuild": "^0.14.27",
        "postcss": "^8.4.13",
        "resolve": "^1.22.0",
        "rollup": ">=2.59.0 <2.78.0"
      },
      "bin": {
        "vite": "bin/vite.js"
      },
      "engines": {
        "node": ">=12.2.0"
      },
      "optionalDependencies": {
        "fsevents": "~2.3.2"
      },
      "peerDependencies": {
        "less": "*",
        "sass": "*",
        "stylus": "*"
      },
      "peerDependenciesMeta": {
        "less": {
          "optional": true
        },
        "sass": {
          "optional": true
        },
        "stylus": {
          "optional": true
        }
      }
    },
    "node_modules/vue": {
      "version": "3.5.26",
      "license": "MIT",
      "dependencies": {
        "@vue/compiler-dom": "3.5.26",
        "@vue/compiler-sfc": "3.5.26",
        "@vue/runtime-dom": "3.5.26",
        "@vue/server-renderer": "3.5.26",
        "@vue/shared": "3.5.26"
      },
      "peerDependencies": {
        "typescript": "*"
      },
      "peerDependenciesMeta": {
        "typescript": {
          "optional": true
        }
      }
    },
    "node_modules/vue-demi": {
      "version": "0.14.10",
      "hasInstallScript": true,
      "license": "MIT",
      "bin": {
        "vue-demi-fix": "bin/vue-demi-fix.js",
        "vue-demi-switch": "bin/vue-demi-switch.js"
      },
      "engines": {
        "node": ">=12"
      },
      "funding": {
        "url": "https://github.com/sponsors/antfu"
      },
      "peerDependencies": {
        "@vue/composition-api": "^1.0.0-rc.1",
        "vue": "^3.0.0-0 || ^2.6.0"
      },
      "peerDependenciesMeta": {
        "@vue/composition-api": {
          "optional": true
        }
      }
    },
    "node_modules/vue-router": {
      "version": "4.6.4",
      "license": "MIT",
      "dependencies": {
        "@vue/devtools-api": "^6.6.4"
      },
      "funding": {
        "url": "https://github.com/sponsors/posva"
      },
      "peerDependencies": {
        "vue": "^3.5.0"
      }
    }
  }
}
